
Microsoft Visual Studio Solution File, Format Version 12.00
# Visual Studio Version 17
VisualStudioVersion = 17.8.34511.84
MinimumVisualStudioVersion = 10.0.40219.1
Project("{FAE04EC0-301F-11D3-BF4B-00C04F79EFBC}") = "ImgApiForNg", "ImgApiForNg\ImgApiForNg.csproj", "{10711DDF-4EBF-464B-81BC-4AA34D04B5D7}"
EndProject
Global
	GlobalSection(SolutionConfigurationPlatforms) = preSolution
		Debug|Any CPU = Debug|Any CPU
		Release|Any CPU = Release|Any CPU
	EndGlobalSection
	GlobalSection(ProjectConfigurationPlatforms) = postSolution
		{10711DDF-4EBF-464B-81BC-4AA34D04B5D7}.Debug|Any CPU.ActiveCfg = Debug|Any CPU
		{10711DDF-4EBF-464B-81BC-4AA34D04B5D7}.Debug|Any CPU.Build.0 = Debug|Any CPU
		{10711DDF-4EBF-464B-81BC-4AA34D04B5D7}.Release|Any CPU.ActiveCfg = Release|Any CPU
		{10711DDF-4EBF-464B-81BC-4AA34D04B5D7}.Release|Any CPU.Build.0 = Release|Any CPU
	EndGlobalSection
	GlobalSection(SolutionProperties) = preSolution
		HideSolutionNode = FALSE
	EndGlobalSection
	GlobalSection(ExtensibilityGlobals) = postSolution
		SolutionGuid = {0FF23C6A-9DFC-4BB2-AB0E-82CF7DFE2D04}
	EndGlobalSection
EndGlobal
